Microsoft Visual Studio Solution File, Format Version 12.00
# Visual Studio Version 17
VisualStudioVersion = 17.13.35919.96
MinimumVisualStudioVersion = 10.0.40219.1
Project("{FAE04EC0-301F-11D3-BF4B-00C04F79EFBC}") = "Snorehammer.AppHost", "Snorehammer.AppHost\Snorehammer.AppHost.csproj", "{99027B75-8951-4256-8CC9-297067F6516A}"
EndProject
Project("{FAE04EC0-301F-11D3-BF4B-00C04F79EFBC}") = "Snorehammer.ServiceDefaults", "Snorehammer.ServiceDefaults\Snorehammer.ServiceDefaults.csproj", "{DC169525-F150-6B39-8F78-AD670822F3F3}"
EndProject
Project("{FAE04EC0-301F-11D3-BF4B-00C04F79EFBC}") = "Snorehammer.ApiService", "Snorehammer.ApiService\Snorehammer.ApiService.csproj", "{9E027A62-D243-47EE-171E-2BE7E511F603}"
EndProject
Project("{FAE04EC0-301F-11D3-BF4B-00C04F79EFBC}") = "Snorehammer.Web", "Snorehammer.Web\Snorehammer.Web.csproj", "{6EF3C70E-FC85-CC84-5580-2BB83D07F60C}"
EndProject
Project("{FAE04EC0-301F-11D3-BF4B-00C04F79EFBC}") = "Snorehammer.WebTests", "Snorehammer.WebTests\Snorehammer.WebTests.csproj", "{194308FE-A457-4464-B14C-78FAF43A0320}"
EndProject
Global
	GlobalSection(SolutionConfigurationPlatforms) = preSolution
		Debug|Any CPU = Debug|Any CPU
		Release|Any CPU = Release|Any CPU
	EndGlobalSection
	GlobalSection(ProjectConfigurationPlatforms) = postSolution
		{99027B75-8951-4256-8CC9-297067F6516A}.Debug|Any CPU.ActiveCfg = Debug|Any CPU
		{99027B75-8951-4256-8CC9-297067F6516A}.Debug|Any CPU.Build.0 = Debug|Any CPU
		{99027B75-8951-4256-8CC9-297067F6516A}.Release|Any CPU.ActiveCfg = Release|Any CPU
		{99027B75-8951-4256-8CC9-297067F6516A}.Release|Any CPU.Build.0 = Release|Any CPU
		{DC169525-F150-6B39-8F78-AD670822F3F3}.Debug|Any CPU.ActiveCfg = Debug|Any CPU
		{DC169525-F150-6B39-8F78-AD670822F3F3}.Debug|Any CPU.Build.0 = Debug|Any CPU
		{DC169525-F150-6B39-8F78-AD670822F3F3}.Release|Any CPU.ActiveCfg = Release|Any CPU
		{DC169525-F150-6B39-8F78-AD670822F3F3}.Release|Any CPU.Build.0 = Release|Any CPU
		{9E027A62-D243-47EE-171E-2BE7E511F603}.Debug|Any CPU.ActiveCfg = Debug|Any CPU
		{9E027A62-D243-47EE-171E-2BE7E511F603}.Debug|Any CPU.Build.0 = Debug|Any CPU
		{9E027A62-D243-47EE-171E-2BE7E511F603}.Release|Any CPU.ActiveCfg = Release|Any CPU
		{9E027A62-D243-47EE-171E-2BE7E511F603}.Release|Any CPU.Build.0 = Release|Any CPU
		{6EF3C70E-FC85-CC84-5580-2BB83D07F60C}.Debug|Any CPU.ActiveCfg = Debug|Any CPU
		{6EF3C70E-FC85-CC84-5580-2BB83D07F60C}.Debug|Any CPU.Build.0 = Debug|Any CPU
		{6EF3C70E-FC85-CC84-5580-2BB83D07F60C}.Release|Any CPU.ActiveCfg = Release|Any CPU
		{6EF3C70E-FC85-CC84-5580-2BB83D07F60C}.Release|Any CPU.Build.0 = Release|Any CPU
		{194308FE-A457-4464-B14C-78FAF43A0320}.Debug|Any CPU.ActiveCfg = Debug|Any CPU
		{194308FE-A457-4464-B14C-78FAF43A0320}.Debug|Any CPU.Build.0 = Debug|Any CPU
		{194308FE-A457-4464-B14C-78FAF43A0320}.Release|Any CPU.ActiveCfg = Release|Any CPU
		{194308FE-A457-4464-B14C-78FAF43A0320}.Release|Any CPU.Build.0 = Release|Any CPU
	EndGlobalSection
	GlobalSection(SolutionProperties) = preSolution
		HideSolutionNode = FALSE
	EndGlobalSection
	GlobalSection(ExtensibilityGlobals) = postSolution
		SolutionGuid = {196F2658-D0AB-4F0C-90D4-33B32D316BAE}
	EndGlobalSection
EndGlobal
